
Microsoft Visual Studio Solution File, Format Version 12.00
# Visual Studio Version 16
VisualStudioVersion = 16.0.30711.63
MinimumVisualStudioVersion = 10.0.40219.1
Project("{FAE04EC0-301F-11D3-BF4B-00C04F79EFBC}") = "ghome_work_wfp_tren", "ghome_work_wfp_tren\ghome_work_wfp_tren.csproj", "{EF4F15F4-CA47-4844-8D9C-3964EE60C820}"
EndProject
Global
	GlobalSection(SolutionConfigurationPlatforms) = preSolution
		Debug|Any CPU = Debug|Any CPU
		Release|Any CPU = Release|Any CPU
	EndGlobalSection
	GlobalSection(ProjectConfigurationPlatforms) = postSolution
		{EF4F15F4-CA47-4844-8D9C-3964EE60C820}.Debug|Any CPU.ActiveCfg = Debug|Any CPU
		{EF4F15F4-CA47-4844-8D9C-3964EE60C820}.Debug|Any CPU.Build.0 = Debug|Any CPU
		{EF4F15F4-CA47-4844-8D9C-3964EE60C820}.Release|Any CPU.ActiveCfg = Release|Any CPU
		{EF4F15F4-CA47-4844-8D9C-3964EE60C820}.Release|Any CPU.Build.0 = Release|Any CPU
	EndGlobalSection
	GlobalSection(SolutionProperties) = preSolution
		HideSolutionNode = FALSE
	EndGlobalSection
	GlobalSection(ExtensibilityGlobals) = postSolution
		SolutionGuid = {63AEE648-FBEE-4562-ABF6-3E1BA3940532}
	EndGlobalSection
EndGlobal
